<?xml version="1.0" encoding="utf-8"?>
<Project ToolsVersion="4.0" xmlns="http://schemas.microsoft.com/developer/msbuild/2003">
  <ItemGroup>
    <Filter Include="Pliki źródłowe">
      <UniqueIdentifier>{4FC737F1-C7A5-4376-A066-2A32D752A2FF}</UniqueIdentifier>
      <Extensions>cpp;c;cc;cxx;c++;cppm;ixx;def;odl;idl;hpj;bat;asm;asmx</Extensions>
    </Filter>
    <Filter Include="Pliki nagłówkowe">
      <UniqueIdentifier>{93995380-89BD-4b04-88EB-625FBE52EBFB}</UniqueIdentifier>
      <Extensions>h;hh;hpp;hxx;h++;hm;inl;inc;ipp;xsd</Extensions>
    </Filter>
    <Filter Include="Pliki zasobów">
      <UniqueIdentifier>{67DA6AB6-F800-4c08-8B7A-83BB121AAD01}</UniqueIdentifier>
      <Extensions>rc;ico;cur;bmp;dlg;rc2;rct;bin;rgs;gif;jpg;jpeg;jpe;resx;tiff;tif;png;wav;mfcribbon-ms</Extensions>
    </Filter>
    <Filter Include="Pliki źródłowe\Functions">
      <UniqueIdentifier>{7ee5ca52-064d-4dff-a9a1-a7a6c1004484}</UniqueIdentifier>
    </Filter>
    <Filter Include="Pliki źródłowe\UI">
      <UniqueIdentifier>{687f6eca-5c48-4ea8-b34c-70c03139dea3}</UniqueIdentifier>
    </Filter>
    <Filter Include="Pliki źródłowe\Sync">
      <UniqueIdentifier>{a0e08483-128d-4ad6-be18-d13d60f9254f}</UniqueIdentifier>
    </Filter>
    <Filter Include="Pliki źródłowe\Screen Objects">
      <UniqueIdentifier>{c757ecda-a0e3-4c54-920a-c5faa6360550}</UniqueIdentifier>
    </Filter>
    <Filter Include="Pliki źródłowe\Screen Objects\Workers">
      <UniqueIdentifier>{ead53c20-5c6d-4696-9a62-4f723c2693d3}</UniqueIdentifier>
    </Filter>
    <Filter Include="Pliki źródłowe\Screen Objects\Buildings">
      <UniqueIdentifier>{f1154a19-6f28-476d-8f51-eae74583efa6}</UniqueIdentifier>
    </Filter>
    <Filter Include="Pliki nagłówkowe\Screen Objects">
      <UniqueIdentifier>{20f9a0e3-6b2a-4edf-8c57-b78e056210a7}</UniqueIdentifier>
    </Filter>
    <Filter Include="Pliki nagłówkowe\Screen Objects\Workers">
      <UniqueIdentifier>{1b1f7681-d77c-4bd7-b1f4-20b6d18df688}</UniqueIdentifier>
    </Filter>
    <Filter Include="Pliki nagłówkowe\Screen Objects\Buildings">
      <UniqueIdentifier>{23896905-c169-43eb-a48e-04f71e350e39}</UniqueIdentifier>
    </Filter>
    <Filter Include="Pliki nagłówkowe\Functions">
      <UniqueIdentifier>{bb3afa3a-8a3d-4f21-b7c4-5638700f0700}</UniqueIdentifier>
    </Filter>
    <Filter Include="Pliki nagłówkowe\Sync">
      <UniqueIdentifier>{33761e0f-9bed-49ef-85b9-233d19d3f994}</UniqueIdentifier>
    </Filter>
    <Filter Include="Pliki nagłówkowe\UI">
      <UniqueIdentifier>{bfaec1b6-8655-4362-a803-af785e8ed4be}</UniqueIdentifier>
    </Filter>
    <Filter Include="Pliki źródłowe\Data Structures">
      <UniqueIdentifier>{fa797c2a-6de8-47a6-b8e2-e9de1e9f30f2}</UniqueIdentifier>
    </Filter>
    <Filter Include="Pliki nagłówkowe\Data Structures">
      <UniqueIdentifier>{cef8a5ec-05a3-47e5-b963-bf550da863af}</UniqueIdentifier>
    </Filter>
    <Filter Include="Pliki źródłowe\UI\Menu">
      <UniqueIdentifier>{66084c2e-9d54-4d0b-a2e3-7000a2da0fe0}</UniqueIdentifier>
    </Filter>
    <Filter Include="Pliki nagłówkowe\UI\Menu">
      <UniqueIdentifier>{88346899-efa2-48df-a52f-4c518a838728}</UniqueIdentifier>
    </Filter>
    <Filter Include="Pliki nagłówkowe\UI\Menu\Buttons">
      <UniqueIdentifier>{cac37246-cd1d-4e7a-88c4-3fed3d47894a}</UniqueIdentifier>
    </Filter>
    <Filter Include="Pliki źródłowe\UI\Menu\Buttons">
      <UniqueIdentifier>{c5e3e9c3-1ebd-4bcf-8bc5-59df0d15588a}</UniqueIdentifier>
    </Filter>
  </ItemGroup>
  <ItemGroup>
    <ClCompile Include="Main.cpp">
      <Filter>Pliki źródłowe</Filter>
    </ClCompile>
    <ClCompile Include="Player.cpp">
      <Filter>Pliki źródłowe</Filter>
    </ClCompile>
    <ClCompile Include="Road.cpp">
      <Filter>Pliki źródłowe\Screen Objects\Buildings</Filter>
    </ClCompile>
    <ClCompile Include="Production_Hall.cpp">
      <Filter>Pliki źródłowe\Screen Objects\Buildings</Filter>
    </ClCompile>
    <ClCompile Include="Warehouse.cpp">
      <Filter>Pliki źródłowe\Screen Objects\Buildings</Filter>
    </ClCompile>
    <ClCompile Include="Loading_Ramp.cpp">
      <Filter>Pliki źródłowe\Screen Objects\Buildings</Filter>
    </ClCompile>
    <ClCompile Include="Sorting_Area.cpp">
      <Filter>Pliki źródłowe\Screen Objects\Buildings</Filter>
    </ClCompile>
    <ClCompile Include="Staff_Welfare_Area.cpp">
      <Filter>Pliki źródłowe\Screen Objects\Buildings</Filter>
    </ClCompile>
    <ClCompile Include="Control_Laboratory.cpp">
      <Filter>Pliki źródłowe\Screen Objects\Buildings</Filter>
    </ClCompile>
    <ClCompile Include="Packaging_Area.cpp">
      <Filter>Pliki źródłowe\Screen Objects\Buildings</Filter>
    </ClCompile>
    <ClCompile Include="check_If_Busy.cpp">
      <Filter>Pliki źródłowe\Functions</Filter>
    </ClCompile>
    <ClCompile Include="create_ID.cpp">
      <Filter>Pliki źródłowe\Functions</Filter>
    </ClCompile>
    <ClCompile Include="print_Player_Stats.cpp">
      <Filter>Pliki źródłowe\UI</Filter>
    </ClCompile>
    <ClCompile Include="Screen.cpp">
      <Filter>Pliki źródłowe\UI</Filter>
    </ClCompile>
    <ClCompile Include="Cursor.cpp">
      <Filter>Pliki źródłowe\UI</Filter>
    </ClCompile>
    <ClCompile Include="User_Input_Keys.cpp">
      <Filter>Pliki źródłowe\UI</Filter>
    </ClCompile>
    <ClCompile Include="user_Input.cpp">
      <Filter>Pliki źródłowe\UI</Filter>
    </ClCompile>
    <ClCompile Include="Screen_Object.cpp">
      <Filter>Pliki źródłowe\Screen Objects</Filter>
    </ClCompile>
    <ClCompile Include="load_To_Screen.cpp">
      <Filter>Pliki źródłowe\Functions</Filter>
    </ClCompile>
    <ClCompile Include="sell_Building.cpp">
      <Filter>Pliki źródłowe\Functions</Filter>
    </ClCompile>
    <ClCompile Include="framerate.cpp">
      <Filter>Pliki źródłowe\Functions</Filter>
    </ClCompile>
    <ClCompile Include="simulation.cpp">
      <Filter>Pliki źródłowe</Filter>
    </ClCompile>
    <ClCompile Include="print_All_Objects.cpp">
      <Filter>Pliki źródłowe\UI</Filter>
    </ClCompile>
    <ClCompile Include="print_Time.cpp">
      <Filter>Pliki źródłowe\UI</Filter>
    </ClCompile>
    <ClCompile Include="Clock.cpp">
      <Filter>Pliki źródłowe\Sync</Filter>
    </ClCompile>
    <ClCompile Include="initial_Buffer.cpp">
      <Filter>Pliki źródłowe\Functions</Filter>
    </ClCompile>
    <ClCompile Include="next_Frame.cpp">
      <Filter>Pliki źródłowe\Functions</Filter>
    </ClCompile>
    <ClCompile Include="Frame.cpp">
      <Filter>Pliki źródłowe\UI</Filter>
    </ClCompile>
    <ClCompile Include="Building.cpp">
      <Filter>Pliki źródłowe\Screen Objects\Buildings</Filter>
    </ClCompile>
    <ClCompile Include="lvl_Up.cpp">
      <Filter>Pliki źródłowe\Functions</Filter>
    </ClCompile>
    <ClCompile Include="List_Element.cpp">
      <Filter>Pliki źródłowe\Data Structures</Filter>
    </ClCompile>
    <ClCompile Include="Own_List.cpp">
      <Filter>Pliki źródłowe\Data Structures</Filter>
    </ClCompile>
    <ClCompile Include="Building_Container.cpp">
      <Filter>Pliki źródłowe\Data Structures</Filter>
    </ClCompile>
    <ClCompile Include="Menu.cpp">
      <Filter>Pliki źródłowe\UI\Menu</Filter>
    </ClCompile>
    <ClCompile Include="Button.cpp">
      <Filter>Pliki źródłowe\UI\Menu</Filter>
    </ClCompile>
    <ClCompile Include="New_Game.cpp">
      <Filter>Pliki źródłowe\UI\Menu\Buttons</Filter>
    </ClCompile>
    <ClCompile Include="Load_Game.cpp">
      <Filter>Pliki źródłowe\UI\Menu\Buttons</Filter>
    </ClCompile>
    <ClCompile Include="Quit.cpp">
      <Filter>Pliki źródłowe\UI\Menu\Buttons</Filter>
    </ClCompile>
    <ClCompile Include="generate_Empty_Lines.cpp">
      <Filter>Pliki źródłowe\Functions</Filter>
    </ClCompile>
    <ClCompile Include="single_Sound.cpp">
      <Filter>Pliki źródłowe</Filter>
    </ClCompile>
    <ClCompile Include="Worker.cpp">
      <Filter>Pliki źródłowe\Screen Objects\Workers</Filter>
    </ClCompile>
    <ClCompile Include="Worker_Container.cpp">
      <Filter>Pliki źródłowe\Data Structures</Filter>
    </ClCompile>
    <ClCompile Include="Road_Container.cpp">
      <Filter>Pliki źródłowe\Data Structures</Filter>
    </ClCompile>
    <ClCompile Include="find_Route.cpp">
      <Filter>Pliki źródłowe\Screen Objects\Workers</Filter>
    </ClCompile>
    <ClCompile Include="find_Target.cpp">
      <Filter>Pliki źródłowe\Screen Objects\Workers</Filter>
    </ClCompile>
    <ClCompile Include="check_If_Road.cpp">
      <Filter>Pliki źródłowe\Screen Objects\Workers</Filter>
    </ClCompile>
    <ClCompile Include="Task.cpp">
      <Filter>Pliki źródłowe</Filter>
    </ClCompile>
    <ClCompile Include="Task_Container.cpp">
      <Filter>Pliki źródłowe\Data Structures</Filter>
    </ClCompile>
    <ClCompile Include="update_Tasks.cpp">
      <Filter>Pliki źródłowe\Functions</Filter>
    </ClCompile>
    <ClCompile Include="check_Route.cpp">
      <Filter>Pliki źródłowe</Filter>
    </ClCompile>
    <ClCompile Include="check_If_Worker.cpp">
      <Filter>Pliki źródłowe</Filter>
    </ClCompile>
  </ItemGroup>
  <ItemGroup>
    <ClInclude Include="Player.h">
      <Filter>Pliki nagłówkowe</Filter>
    </ClInclude>
    <ClInclude Include="Production_Hall.h">
      <Filter>Pliki nagłówkowe\Screen Objects\Buildings</Filter>
    </ClInclude>
    <ClInclude Include="Road.h">
      <Filter>Pliki nagłówkowe\Screen Objects\Buildings</Filter>
    </ClInclude>
    <ClInclude Include="Warehouse.h">
      <Filter>Pliki nagłówkowe\Screen Objects\Buildings</Filter>
    </ClInclude>
    <ClInclude Include="Loading_Ramp.h">
      <Filter>Pliki nagłówkowe\Screen Objects\Buildings</Filter>
    </ClInclude>
    <ClInclude Include="Sorting_Area.h">
      <Filter>Pliki nagłówkowe\Screen Objects\Buildings</Filter>
    </ClInclude>
    <ClInclude Include="Staff_Welfare_Area.h">
      <Filter>Pliki nagłówkowe\Screen Objects\Buildings</Filter>
    </ClInclude>
    <ClInclude Include="Control_Laboratory.h">
      <Filter>Pliki nagłówkowe\Screen Objects\Buildings</Filter>
    </ClInclude>
    <ClInclude Include="Packaging_Area.h">
      <Filter>Pliki nagłówkowe\Screen Objects\Buildings</Filter>
    </ClInclude>
    <ClInclude Include="check_If_Busy.h">
      <Filter>Pliki nagłówkowe\Functions</Filter>
    </ClInclude>
    <ClInclude Include="create_ID.h">
      <Filter>Pliki nagłówkowe\Functions</Filter>
    </ClInclude>
    <ClInclude Include="Cursor.h">
      <Filter>Pliki nagłówkowe\UI</Filter>
    </ClInclude>
    <ClInclude Include="print_Player_Stats.h">
      <Filter>Pliki nagłówkowe\UI</Filter>
    </ClInclude>
    <ClInclude Include="Screen.h">
      <Filter>Pliki nagłówkowe\UI</Filter>
    </ClInclude>
    <ClInclude Include="user_Input.h">
      <Filter>Pliki nagłówkowe\UI</Filter>
    </ClInclude>
    <ClInclude Include="User_Input_Keys.h">
      <Filter>Pliki nagłówkowe\UI</Filter>
    </ClInclude>
    <ClInclude Include="Screen_Object.h">
      <Filter>Pliki nagłówkowe\Screen Objects</Filter>
    </ClInclude>
    <ClInclude Include="load_To_Screen.h">
      <Filter>Pliki nagłówkowe\Functions</Filter>
    </ClInclude>
    <ClInclude Include="sell_Building.h">
      <Filter>Pliki nagłówkowe\Functions</Filter>
    </ClInclude>
    <ClInclude Include="framerate.h">
      <Filter>Pliki nagłówkowe\Functions</Filter>
    </ClInclude>
    <ClInclude Include="simulation.h">
      <Filter>Pliki nagłówkowe</Filter>
    </ClInclude>
    <ClInclude Include="print_All_Objects.h">
      <Filter>Pliki nagłówkowe\UI</Filter>
    </ClInclude>
    <ClInclude Include="print_Time.h">
      <Filter>Pliki nagłówkowe\UI</Filter>
    </ClInclude>
    <ClInclude Include="Clock.h">
      <Filter>Pliki nagłówkowe\Sync</Filter>
    </ClInclude>
    <ClInclude Include="initial_Buffer.h">
      <Filter>Pliki nagłówkowe\Functions</Filter>
    </ClInclude>
    <ClInclude Include="next_Frame.h">
      <Filter>Pliki nagłówkowe\Functions</Filter>
    </ClInclude>
    <ClInclude Include="Frame.h">
      <Filter>Pliki nagłówkowe\UI</Filter>
    </ClInclude>
    <ClInclude Include="Building.h">
      <Filter>Pliki nagłówkowe\Screen Objects\Buildings</Filter>
    </ClInclude>
    <ClInclude Include="lvl_Up.h">
      <Filter>Pliki nagłówkowe\Functions</Filter>
    </ClInclude>
    <ClInclude Include="List_Element.h">
      <Filter>Pliki nagłówkowe\Data Structures</Filter>
    </ClInclude>
    <ClInclude Include="Own_List.h">
      <Filter>Pliki nagłówkowe\Data Structures</Filter>
    </ClInclude>
    <ClInclude Include="Building_Container.h">
      <Filter>Pliki nagłówkowe\Data Structures</Filter>
    </ClInclude>
    <ClInclude Include="Button.h">
      <Filter>Pliki nagłówkowe\UI\Menu</Filter>
    </ClInclude>
    <ClInclude Include="Menu.h">
      <Filter>Pliki nagłówkowe\UI\Menu</Filter>
    </ClInclude>
    <ClInclude Include="New_Game.h">
      <Filter>Pliki nagłówkowe\UI\Menu\Buttons</Filter>
    </ClInclude>
    <ClInclude Include="Load_Game.h">
      <Filter>Pliki nagłówkowe\UI\Menu\Buttons</Filter>
    </ClInclude>
    <ClInclude Include="Quit.h">
      <Filter>Pliki nagłówkowe\UI\Menu\Buttons</Filter>
    </ClInclude>
    <ClInclude Include="generate_Empty_Lines.h">
      <Filter>Pliki nagłówkowe\Functions</Filter>
    </ClInclude>
    <ClInclude Include="single_Sound.h">
      <Filter>Pliki nagłówkowe</Filter>
    </ClInclude>
    <ClInclude Include="Worker.h">
      <Filter>Pliki nagłówkowe\Screen Objects\Workers</Filter>
    </ClInclude>
    <ClInclude Include="Worker_Container.h">
      <Filter>Pliki nagłówkowe\Data Structures</Filter>
    </ClInclude>
    <ClInclude Include="Road_Container.h">
      <Filter>Pliki nagłówkowe\Data Structures</Filter>
    </ClInclude>
    <ClInclude Include="find_Route.h">
      <Filter>Pliki nagłówkowe\Screen Objects\Workers</Filter>
    </ClInclude>
    <ClInclude Include="find_Target.h">
      <Filter>Pliki nagłówkowe\Screen Objects\Workers</Filter>
    </ClInclude>
    <ClInclude Include="check_If_Road.h">
      <Filter>Pliki nagłówkowe\Screen Objects\Workers</Filter>
    </ClInclude>
    <ClInclude Include="Task.h">
      <Filter>Pliki nagłówkowe</Filter>
    </ClInclude>
    <ClInclude Include="Task_Container.h">
      <Filter>Pliki nagłówkowe\Data Structures</Filter>
    </ClInclude>
    <ClInclude Include="update_Tasks.h">
      <Filter>Pliki nagłówkowe\Functions</Filter>
    </ClInclude>
    <ClInclude Include="check_Route.h">
      <Filter>Pliki nagłówkowe</Filter>
    </ClInclude>
    <ClInclude Include="check_If_Worker.h">
      <Filter>Pliki nagłówkowe</Filter>
    </ClInclude>
  </ItemGroup>
</Project>